<Solution>
  <Configurations>
    <Platform Name="Any CPU" />
    <Platform Name="arm64" />
    <Platform Name="x86" />
  </Configurations>
  <Project Path="VsDbg.csproj" Id="506276e1-fb9c-4057-8f1b-da77c233e32c">
    <Platform Solution="*|arm64" Project="arm64" />
    <Platform Solution="*|x86" Project="x86" />
  </Project>
</Solution>
